
Microsoft Visual Studio Solution File, Format Version 12.00
# Visual Studio Version 16
VisualStudioVersion = 16.0.30114.105
MinimumVisualStudioVersion = 10.0.40219.1
Project("{2150E333-8FDC-42A3-9474-1A3956D46DE8}") = "src", "src", "{565C6579-A7B1-4F06-8008-6FA5D45BAAE6}"
EndProject
Project("{2150E333-8FDC-42A3-9474-1A3956D46DE8}") = "test", "test", "{352B3D40-F028-453F-A52E-5FE09DAF7D97}"
EndProject
Project("{FAE04EC0-301F-11D3-BF4B-00C04F79EFBC}") = "GrpcDemo.Test", "test\GrpcDemo.Test\GrpcDemo.Test.csproj", "{5FD9DDE3-0FE5-4476-9A74-1E736CE8C868}"
EndProject
Project("{2150E333-8FDC-42A3-9474-1A3956D46DE8}") = "Greetings", "Greetings", "{AAB48EF2-7A31-4D8A-8484-842B3A0397D5}"
EndProject
Project("{FAE04EC0-301F-11D3-BF4B-00C04F79EFBC}") = "Greetings.Service", "src\Greetings\Greetings.Service\Greetings.Service.csproj", "{90DF4CA1-0F16-45E2-A063-A015AC56B95B}"
EndProject
Project("{FAE04EC0-301F-11D3-BF4B-00C04F79EFBC}") = "Greetings.Client", "src\Greetings\Greetings.Client\Greetings.Client.csproj", "{EAC46915-F62B-4DA7-8E6F-23522A087E3E}"
EndProject
Project("{2150E333-8FDC-42A3-9474-1A3956D46DE8}") = "Chat", "Chat", "{E7091CC8-5F53-4FD8-83EC-6E4E839C82FD}"
EndProject
Project("{FAE04EC0-301F-11D3-BF4B-00C04F79EFBC}") = "Client", "src\Chat\Client\Client.csproj", "{FC061ED1-8596-43A8-9E94-06CB35E1DFA1}"
EndProject
Project("{FAE04EC0-301F-11D3-BF4B-00C04F79EFBC}") = "ServiceHost", "src\Chat\ServiceHost\ServiceHost.csproj", "{23FA01EE-6289-40B2-BC84-063E2FEA54D2}"
EndProject
Project("{FAE04EC0-301F-11D3-BF4B-00C04F79EFBC}") = "ServiceLib", "src\Chat\ServiceLib\ServiceLib.csproj", "{A4B34F93-A77A-46F8-AA20-BE764D4B7270}"
EndProject
Project("{FAE04EC0-301F-11D3-BF4B-00C04F79EFBC}") = "SharedLib", "src\Chat\SharedLib\SharedLib.csproj", "{0CD6442E-F391-4E28-A490-D2EE0C6CB5B1}"
EndProject
Project("{FAE04EC0-301F-11D3-BF4B-00C04F79EFBC}") = "Client2", "src\Chat\Client2\Client2.csproj", "{2C915A6A-CBCD-4E8B-AA8E-8529386013D0}"
EndProject
Global
	GlobalSection(SolutionConfigurationPlatforms) = preSolution
		Debug|Any CPU = Debug|Any CPU
		Debug|x64 = Debug|x64
		Debug|x86 = Debug|x86
		Release|Any CPU = Release|Any CPU
		Release|x64 = Release|x64
		Release|x86 = Release|x86
	EndGlobalSection
	GlobalSection(SolutionProperties) = preSolution
		HideSolutionNode = FALSE
	EndGlobalSection
	GlobalSection(ProjectConfigurationPlatforms) = postSolution
		{5FD9DDE3-0FE5-4476-9A74-1E736CE8C868}.Debug|Any CPU.ActiveCfg = Debug|Any CPU
		{5FD9DDE3-0FE5-4476-9A74-1E736CE8C868}.Debug|Any CPU.Build.0 = Debug|Any CPU
		{5FD9DDE3-0FE5-4476-9A74-1E736CE8C868}.Debug|x64.ActiveCfg = Debug|Any CPU
		{5FD9DDE3-0FE5-4476-9A74-1E736CE8C868}.Debug|x64.Build.0 = Debug|Any CPU
		{5FD9DDE3-0FE5-4476-9A74-1E736CE8C868}.Debug|x86.ActiveCfg = Debug|Any CPU
		{5FD9DDE3-0FE5-4476-9A74-1E736CE8C868}.Debug|x86.Build.0 = Debug|Any CPU
		{5FD9DDE3-0FE5-4476-9A74-1E736CE8C868}.Release|Any CPU.ActiveCfg = Release|Any CPU
		{5FD9DDE3-0FE5-4476-9A74-1E736CE8C868}.Release|Any CPU.Build.0 = Release|Any CPU
		{5FD9DDE3-0FE5-4476-9A74-1E736CE8C868}.Release|x64.ActiveCfg = Release|Any CPU
		{5FD9DDE3-0FE5-4476-9A74-1E736CE8C868}.Release|x64.Build.0 = Release|Any CPU
		{5FD9DDE3-0FE5-4476-9A74-1E736CE8C868}.Release|x86.ActiveCfg = Release|Any CPU
		{5FD9DDE3-0FE5-4476-9A74-1E736CE8C868}.Release|x86.Build.0 = Release|Any CPU
		{90DF4CA1-0F16-45E2-A063-A015AC56B95B}.Debug|Any CPU.ActiveCfg = Debug|Any CPU
		{90DF4CA1-0F16-45E2-A063-A015AC56B95B}.Debug|Any CPU.Build.0 = Debug|Any CPU
		{90DF4CA1-0F16-45E2-A063-A015AC56B95B}.Debug|x64.ActiveCfg = Debug|Any CPU
		{90DF4CA1-0F16-45E2-A063-A015AC56B95B}.Debug|x64.Build.0 = Debug|Any CPU
		{90DF4CA1-0F16-45E2-A063-A015AC56B95B}.Debug|x86.ActiveCfg = Debug|Any CPU
		{90DF4CA1-0F16-45E2-A063-A015AC56B95B}.Debug|x86.Build.0 = Debug|Any CPU
		{90DF4CA1-0F16-45E2-A063-A015AC56B95B}.Release|Any CPU.ActiveCfg = Release|Any CPU
		{90DF4CA1-0F16-45E2-A063-A015AC56B95B}.Release|Any CPU.Build.0 = Release|Any CPU
		{90DF4CA1-0F16-45E2-A063-A015AC56B95B}.Release|x64.ActiveCfg = Release|Any CPU
		{90DF4CA1-0F16-45E2-A063-A015AC56B95B}.Release|x64.Build.0 = Release|Any CPU
		{90DF4CA1-0F16-45E2-A063-A015AC56B95B}.Release|x86.ActiveCfg = Release|Any CPU
		{90DF4CA1-0F16-45E2-A063-A015AC56B95B}.Release|x86.Build.0 = Release|Any CPU
		{EAC46915-F62B-4DA7-8E6F-23522A087E3E}.Debug|Any CPU.ActiveCfg = Debug|Any CPU
		{EAC46915-F62B-4DA7-8E6F-23522A087E3E}.Debug|Any CPU.Build.0 = Debug|Any CPU
		{EAC46915-F62B-4DA7-8E6F-23522A087E3E}.Debug|x64.ActiveCfg = Debug|Any CPU
		{EAC46915-F62B-4DA7-8E6F-23522A087E3E}.Debug|x64.Build.0 = Debug|Any CPU
		{EAC46915-F62B-4DA7-8E6F-23522A087E3E}.Debug|x86.ActiveCfg = Debug|Any CPU
		{EAC46915-F62B-4DA7-8E6F-23522A087E3E}.Debug|x86.Build.0 = Debug|Any CPU
		{EAC46915-F62B-4DA7-8E6F-23522A087E3E}.Release|Any CPU.ActiveCfg = Release|Any CPU
		{EAC46915-F62B-4DA7-8E6F-23522A087E3E}.Release|Any CPU.Build.0 = Release|Any CPU
		{EAC46915-F62B-4DA7-8E6F-23522A087E3E}.Release|x64.ActiveCfg = Release|Any CPU
		{EAC46915-F62B-4DA7-8E6F-23522A087E3E}.Release|x64.Build.0 = Release|Any CPU
		{EAC46915-F62B-4DA7-8E6F-23522A087E3E}.Release|x86.ActiveCfg = Release|Any CPU
		{EAC46915-F62B-4DA7-8E6F-23522A087E3E}.Release|x86.Build.0 = Release|Any CPU
		{FC061ED1-8596-43A8-9E94-06CB35E1DFA1}.Debug|Any CPU.ActiveCfg = Debug|Any CPU
		{FC061ED1-8596-43A8-9E94-06CB35E1DFA1}.Debug|Any CPU.Build.0 = Debug|Any CPU
		{FC061ED1-8596-43A8-9E94-06CB35E1DFA1}.Debug|x64.ActiveCfg = Debug|Any CPU
		{FC061ED1-8596-43A8-9E94-06CB35E1DFA1}.Debug|x64.Build.0 = Debug|Any CPU
		{FC061ED1-8596-43A8-9E94-06CB35E1DFA1}.Debug|x86.ActiveCfg = Debug|Any CPU
		{FC061ED1-8596-43A8-9E94-06CB35E1DFA1}.Debug|x86.Build.0 = Debug|Any CPU
		{FC061ED1-8596-43A8-9E94-06CB35E1DFA1}.Release|Any CPU.ActiveCfg = Release|Any CPU
		{FC061ED1-8596-43A8-9E94-06CB35E1DFA1}.Release|Any CPU.Build.0 = Release|Any CPU
		{FC061ED1-8596-43A8-9E94-06CB35E1DFA1}.Release|x64.ActiveCfg = Release|Any CPU
		{FC061ED1-8596-43A8-9E94-06CB35E1DFA1}.Release|x64.Build.0 = Release|Any CPU
		{FC061ED1-8596-43A8-9E94-06CB35E1DFA1}.Release|x86.ActiveCfg = Release|Any CPU
		{FC061ED1-8596-43A8-9E94-06CB35E1DFA1}.Release|x86.Build.0 = Release|Any CPU
		{23FA01EE-6289-40B2-BC84-063E2FEA54D2}.Debug|Any CPU.ActiveCfg = Debug|Any CPU
		{23FA01EE-6289-40B2-BC84-063E2FEA54D2}.Debug|Any CPU.Build.0 = Debug|Any CPU
		{23FA01EE-6289-40B2-BC84-063E2FEA54D2}.Debug|x64.ActiveCfg = Debug|Any CPU
		{23FA01EE-6289-40B2-BC84-063E2FEA54D2}.Debug|x64.Build.0 = Debug|Any CPU
		{23FA01EE-6289-40B2-BC84-063E2FEA54D2}.Debug|x86.ActiveCfg = Debug|Any CPU
		{23FA01EE-6289-40B2-BC84-063E2FEA54D2}.Debug|x86.Build.0 = Debug|Any CPU
		{23FA01EE-6289-40B2-BC84-063E2FEA54D2}.Release|Any CPU.ActiveCfg = Release|Any CPU
		{23FA01EE-6289-40B2-BC84-063E2FEA54D2}.Release|Any CPU.Build.0 = Release|Any CPU
		{23FA01EE-6289-40B2-BC84-063E2FEA54D2}.Release|x64.ActiveCfg = Release|Any CPU
		{23FA01EE-6289-40B2-BC84-063E2FEA54D2}.Release|x64.Build.0 = Release|Any CPU
		{23FA01EE-6289-40B2-BC84-063E2FEA54D2}.Release|x86.ActiveCfg = Release|Any CPU
		{23FA01EE-6289-40B2-BC84-063E2FEA54D2}.Release|x86.Build.0 = Release|Any CPU
		{A4B34F93-A77A-46F8-AA20-BE764D4B7270}.Debug|Any CPU.ActiveCfg = Debug|Any CPU
		{A4B34F93-A77A-46F8-AA20-BE764D4B7270}.Debug|Any CPU.Build.0 = Debug|Any CPU
		{A4B34F93-A77A-46F8-AA20-BE764D4B7270}.Debug|x64.ActiveCfg = Debug|Any CPU
		{A4B34F93-A77A-46F8-AA20-BE764D4B7270}.Debug|x64.Build.0 = Debug|Any CPU
		{A4B34F93-A77A-46F8-AA20-BE764D4B7270}.Debug|x86.ActiveCfg = Debug|Any CPU
		{A4B34F93-A77A-46F8-AA20-BE764D4B7270}.Debug|x86.Build.0 = Debug|Any CPU
		{A4B34F93-A77A-46F8-AA20-BE764D4B7270}.Release|Any CPU.ActiveCfg = Release|Any CPU
		{A4B34F93-A77A-46F8-AA20-BE764D4B7270}.Release|Any CPU.Build.0 = Release|Any CPU
		{A4B34F93-A77A-46F8-AA20-BE764D4B7270}.Release|x64.ActiveCfg = Release|Any CPU
		{A4B34F93-A77A-46F8-AA20-BE764D4B7270}.Release|x64.Build.0 = Release|Any CPU
		{A4B34F93-A77A-46F8-AA20-BE764D4B7270}.Release|x86.ActiveCfg = Release|Any CPU
		{A4B34F93-A77A-46F8-AA20-BE764D4B7270}.Release|x86.Build.0 = Release|Any CPU
		{0CD6442E-F391-4E28-A490-D2EE0C6CB5B1}.Debug|Any CPU.ActiveCfg = Debug|Any CPU
		{0CD6442E-F391-4E28-A490-D2EE0C6CB5B1}.Debug|Any CPU.Build.0 = Debug|Any CPU
		{0CD6442E-F391-4E28-A490-D2EE0C6CB5B1}.Debug|x64.ActiveCfg = Debug|Any CPU
		{0CD6442E-F391-4E28-A490-D2EE0C6CB5B1}.Debug|x64.Build.0 = Debug|Any CPU
		{0CD6442E-F391-4E28-A490-D2EE0C6CB5B1}.Debug|x86.ActiveCfg = Debug|Any CPU
		{0CD6442E-F391-4E28-A490-D2EE0C6CB5B1}.Debug|x86.Build.0 = Debug|Any CPU
		{0CD6442E-F391-4E28-A490-D2EE0C6CB5B1}.Release|Any CPU.ActiveCfg = Release|Any CPU
		{0CD6442E-F391-4E28-A490-D2EE0C6CB5B1}.Release|Any CPU.Build.0 = Release|Any CPU
		{0CD6442E-F391-4E28-A490-D2EE0C6CB5B1}.Release|x64.ActiveCfg = Release|Any CPU
		{0CD6442E-F391-4E28-A490-D2EE0C6CB5B1}.Release|x64.Build.0 = Release|Any CPU
		{0CD6442E-F391-4E28-A490-D2EE0C6CB5B1}.Release|x86.ActiveCfg = Release|Any CPU
		{0CD6442E-F391-4E28-A490-D2EE0C6CB5B1}.Release|x86.Build.0 = Release|Any CPU
		{2C915A6A-CBCD-4E8B-AA8E-8529386013D0}.Debug|Any CPU.ActiveCfg = Debug|Any CPU
		{2C915A6A-CBCD-4E8B-AA8E-8529386013D0}.Debug|Any CPU.Build.0 = Debug|Any CPU
		{2C915A6A-CBCD-4E8B-AA8E-8529386013D0}.Debug|x64.ActiveCfg = Debug|Any CPU
		{2C915A6A-CBCD-4E8B-AA8E-8529386013D0}.Debug|x64.Build.0 = Debug|Any CPU
		{2C915A6A-CBCD-4E8B-AA8E-8529386013D0}.Debug|x86.ActiveCfg = Debug|Any CPU
		{2C915A6A-CBCD-4E8B-AA8E-8529386013D0}.Debug|x86.Build.0 = Debug|Any CPU
		{2C915A6A-CBCD-4E8B-AA8E-8529386013D0}.Release|Any CPU.ActiveCfg = Release|Any CPU
		{2C915A6A-CBCD-4E8B-AA8E-8529386013D0}.Release|Any CPU.Build.0 = Release|Any CPU
		{2C915A6A-CBCD-4E8B-AA8E-8529386013D0}.Release|x64.ActiveCfg = Release|Any CPU
		{2C915A6A-CBCD-4E8B-AA8E-8529386013D0}.Release|x64.Build.0 = Release|Any CPU
		{2C915A6A-CBCD-4E8B-AA8E-8529386013D0}.Release|x86.ActiveCfg = Release|Any CPU
		{2C915A6A-CBCD-4E8B-AA8E-8529386013D0}.Release|x86.Build.0 = Release|Any CPU
	EndGlobalSection
	GlobalSection(NestedProjects) = preSolution
		{5FD9DDE3-0FE5-4476-9A74-1E736CE8C868} = {352B3D40-F028-453F-A52E-5FE09DAF7D97}
		{AAB48EF2-7A31-4D8A-8484-842B3A0397D5} = {565C6579-A7B1-4F06-8008-6FA5D45BAAE6}
		{90DF4CA1-0F16-45E2-A063-A015AC56B95B} = {AAB48EF2-7A31-4D8A-8484-842B3A0397D5}
		{EAC46915-F62B-4DA7-8E6F-23522A087E3E} = {AAB48EF2-7A31-4D8A-8484-842B3A0397D5}
		{E7091CC8-5F53-4FD8-83EC-6E4E839C82FD} = {565C6579-A7B1-4F06-8008-6FA5D45BAAE6}
		{FC061ED1-8596-43A8-9E94-06CB35E1DFA1} = {E7091CC8-5F53-4FD8-83EC-6E4E839C82FD}
		{23FA01EE-6289-40B2-BC84-063E2FEA54D2} = {E7091CC8-5F53-4FD8-83EC-6E4E839C82FD}
		{A4B34F93-A77A-46F8-AA20-BE764D4B7270} = {E7091CC8-5F53-4FD8-83EC-6E4E839C82FD}
		{0CD6442E-F391-4E28-A490-D2EE0C6CB5B1} = {E7091CC8-5F53-4FD8-83EC-6E4E839C82FD}
		{2C915A6A-CBCD-4E8B-AA8E-8529386013D0} = {E7091CC8-5F53-4FD8-83EC-6E4E839C82FD}
	EndGlobalSection
EndGlobal
